// !$*UTF8*$!
{
	archiveVersion = 1;
	classes = {
	};
	objectVersion = 48;
	objects = {

/* Begin PBXBuildFile section */
		F5353E52205BBA92009D511A /* AppDelegate.swift in Sources */ = {isa = PBXBuildFile; fileRef = F5353E51205BBA92009D511A /* AppDelegate.swift */; };
		F5353E54205BBA92009D511A /* ViewController.swift in Sources */ = {isa = PBXBuildFile; fileRef = F5353E53205BBA92009D511A /* ViewController.swift */; };
		F5353E57205BBA92009D511A /* Main.storyboard in Resources */ = {isa = PBXBuildFile; fileRef = F5353E55205BBA92009D511A /* Main.storyboard */; };
		F5353E59205BBA92009D511A /* Assets.xcassets in Resources */ = {isa = PBXBuildFile; fileRef = F5353E58205BBA92009D511A /* Assets.xcassets */; };
		F5353E5C205BBA92009D511A /* LaunchScreen.storyboard in Resources */ = {isa = PBXBuildFile; fileRef = F5353E5A205BBA92009D511A /* LaunchScreen.storyboard */; };
		F5353E64205BBD79009D511A /* TableViewController.swift in Sources */ = {isa = PBXBuildFile; fileRef = F5353E63205BBD79009D511A /* TableViewController.swift */; };
		F5353E66205BE3B0009D511A /* infoViewController.swift in Sources */ = {isa = PBXBuildFile; fileRef = F5353E65205BE3B0009D511A /* infoViewController.swift */; };
/* End PBXBuildFile section */

/* Begin PBXFileReference section */
		F5353E4E205BBA92009D511A /* Pirates.app */ = {isa = PBXFileReference; explicitFileType = wrapper.application; includeInIndex = 0; path = Pirates.app; sourceTree = BUILT_PRODUCTS_DIR; };
		F5353E51205BBA92009D511A /* AppDelegate.swift */ = {isa = PBXFileReference; lastKnownFileType = sourcecode.swift; path = AppDelegate.swift; sourceTree = "<group>"; };
		F5353E53205BBA92009D511A /* ViewController.swift */ = {isa = PBXFileReference; lastKnownFileType = sourcecode.swift; path = ViewController.swift; sourceTree = "<group>"; };
		F5353E56205BBA92009D511A /* Base */ = {isa = PBXFileReference; lastKnownFileType = file.storyboard; name = Base; path = Base.lproj/Main.storyboard; sourceTree = "<group>"; };
		F5353E58205BBA92009D511A /* Assets.xcassets */ = {isa = PBXFileReference; lastKnownFileType = folder.assetcatalog; path = Assets.xcassets; sourceTree = "<group>"; };
		F5353E5B205BBA92009D511A /* Base */ = {isa = PBXFileReference; lastKnownFileType = file.storyboard; name = Base; path = Base.lproj/LaunchScreen.storyboard; sourceTree = "<group>"; };
		F5353E5D205BBA92009D511A /* Info.plist */ = {isa = PBXFileReference; lastKnownFileType = text.plist.xml; path = Info.plist; sourceTree = "<group>"; };
		F5353E63205BBD79009D511A /* TableViewController.swift */ = {isa = PBXFileReference; lastKnownFileType = sourcecode.swift; path = TableViewController.swift; sourceTree = "<group>"; };
		F5353E65205BE3B0009D511A /* infoViewController.swift */ = {isa = PBXFileReference; lastKnownFileType = sourcecode.swift; path = infoViewController.swift; sourceTree = "<group>"; };
/* End PBXFileReference section */

/* Begin PBXFrameworksBuildPhase section */
		F5353E4B205BBA92009D511A /* Frameworks */ = {
			isa = PBXFrameworksBuildPhase;
			buildActionMask = 2147483647;
			files = (
			);
			runOnlyForDeploymentPostprocessing = 0;
		};
/* End PBXFrameworksBuildPhase section */

/* Begin PBXGroup section */
		F5353E45205BBA92009D511A = {
			isa = PBXGroup;
			children = (
				F5353E50205BBA92009D511A /* Pirates */,
				F5353E4F205BBA92009D511A /* Products */,
			);
			sourceTree = "<group>";
		};
		F5353E4F205BBA92009D511A /* Products */ = {
			isa = PBXGroup;
			children = (
				F5353E4E205BBA92009D511A /* Pirates.app */,
			);
			name = Products;
			sourceTree = "<group>";
		};
		F5353E50205BBA92009D511A /* Pirates */ = {
			isa = PBXGroup;
			children = (
				F5353E51205BBA92009D511A /* AppDelegate.swift */,
				F5353E53205BBA92009D511A /* ViewController.swift */,
				F5353E55205BBA92009D511A /* Main.storyboard */,
				F5353E65205BE3B0009D511A /* infoViewController.swift */,
				F5353E63205BBD79009D511A /* TableViewController.swift */,
				F5353E58205BBA92009D511A /* Assets.xcassets */,
				F5353E5A205BBA92009D511A /* LaunchScreen.storyboard */,
				F5353E5D205BBA92009D511A /* Info.plist */,
			);
			path = Pirates;
			sourceTree = "<group>";
		};
/* End PBXGroup section */

/* Begin PBXNativeTarget section */
		F5353E4D205BBA92009D511A /* Pirates */ = {
			isa = PBXNativeTarget;
			buildConfigurationList = F5353E60205BBA92009D511A /* Build configuration list for PBXNativeTarget "Pirates" */;
			buildPhases = (
				F5353E4A205BBA92009D511A /* Sources */,
				F5353E4B205BBA92009D511A /* Frameworks */,
				F5353E4C205BBA92009D511A /* Resources */,
			);
			buildRules = (
			);
			dependencies = (
			);
			name = Pirates;
			productName = Pirates;
			productReference = F5353E4E205BBA92009D511A /* Pirates.app */;
			productType = "com.apple.product-type.application";
		};
/* End PBXNativeTarget section */

/* Begin PBXProject section */
		F5353E46205BBA92009D511A /* Project object */ = {
			isa = PBXProject;
			attributes = {
				LastSwiftUpdateCheck = 0920;
				LastUpgradeCheck = 0920;
				ORGANIZATIONNAME = Fhict;
				TargetAttributes = {
					F5353E4D205BBA92009D511A = {
						CreatedOnToolsVersion = 9.2;
						ProvisioningStyle = Automatic;
					};
				};
			};
			buildConfigurationList = F5353E49205BBA92009D511A /* Build configuration list for PBXProject "Pirates" */;
			compatibilityVersion = "Xcode 8.0";
			developmentRegion = en;
			hasScannedForEncodings = 0;
			knownRegions = (
				en,
				Base,
			);
			mainGroup = F5353E45205BBA92009D511A;
			productRefGroup = F5353E4F205BBA92009D511A /* Products */;
			projectDirPath = "";
			projectRoot = "";
			targets = (
				F5353E4D205BBA92009D511A /* Pirates */,
			);
		};
/* End PBXProject section */

/* Begin PBXResourcesBuildPhase section */
		F5353E4C205BBA92009D511A /* Resources */ = {
			isa = PBXResourcesBuildPhase;
			buildActionMask = 2147483647;
			files = (
				F5353E5C205BBA92009D511A /* LaunchScreen.storyboard in Resources */,
				F5353E59205BBA92009D511A /* Assets.xcassets in Resources */,
				F5353E57205BBA92009D511A /* Main.storyboard in Resources */,
			);
			runOnlyForDeploymentPostprocessing = 0;
		};
/* End PBXResourcesBuildPhase section */

/* Begin PBXSourcesBuildPhase section */
		F5353E4A205BBA92009D511A /* Sources */ = {
			isa = PBXSourcesBuildPhase;
			buildActionMask = 2147483647;
			files = (
				F5353E54205BBA92009D511A /* ViewController.swift in Sources */,
				F5353E64205BBD79009D511A /* TableViewController.swift in Sources */,
				F5353E66205BE3B0009D511A /* infoViewController.swift in Sources */,
				F5353E52205BBA92009D511A /* AppDelegate.swift in Sources */,
			);
			runOnlyForDeploymentPostprocessing = 0;
		};
/* End PBXSourcesBuildPhase section */

/* Begin PBXVariantGroup section */
		F5353E55205BBA92009D511A /* Main.storyboard */ = {
			isa = PBXVariantGroup;
			children = (
				F5353E56205BBA92009D511A /* Base */,
			);
			name = Main.storyboard;
			sourceTree = "<group>";
		};
		F5353E5A205BBA92009D511A /* LaunchScreen.storyboard */ = {
			isa = PBXVariantGroup;
			children = (
				F5353E5B205BBA92009D511A /* Base */,
			);
			name = LaunchScreen.storyboard;
			sourceTree = "<group>";
		};
/* End PBXVariantGroup section */

/* Begin XCBuildConfiguration section */
		F5353E5E205BBA92009D511A /* Debug */ = {
			isa = XCBuildConfiguration;
			buildSettings = {
				ALWAYS_SEARCH_USER_PATHS = NO;
				CLANG_ANALYZER_NONNULL = YES;
				CLANG_ANALYZER_NUMBER_OBJECT_CONVERSION = YES_AGGRESSIVE;
				CLANG_CXX_LANGUAGE_STANDARD = "gnu++14";
				CLANG_CXX_LIBRARY = "libc++";
				CLANG_ENABLE_MODULES = YES;
				CLANG_ENABLE_OBJC_ARC = YES;
				CLANG_WARN_BLOCK_CAPTURE_AUTORELEASING = YES;
				CLANG_WARN_BOOL_CONVERSION = YES;
				CLANG_WARN_COMMA = YES;
				CLANG_WARN_CONSTANT_CONVERSION = YES;
				CLANG_WARN_DIRECT_OBJC_ISA_USAGE = YES_ERROR;
				CLANG_WARN_DOCUMENTATION_COMMENTS = YES;
				CLANG_WARN_EMPTY_BODY = YES;
				CLANG_WARN_ENUM_CONVERSION = YES;
				CLANG_WARN_INFINITE_RECURSION = YES;
				CLANG_WARN_INT_CONVERSION = YES;
				CLANG_WARN_NON_LITERAL_NULL_CONVERSION = YES;
				CLANG_WARN_OBJC_LITERAL_CONVERSION = YES;
				CLANG_WARN_OBJC_ROOT_CLASS = YES_ERROR;
				CLANG_WARN_RANGE_LOOP_ANALYSIS = YES;
				CLANG_WARN_STRICT_PROTOTYPES = YES;
				CLANG_WARN_SUSPICIOUS_MOVE = YES;
				CLANG_WARN_UNGUARDED_AVAILABILITY = YES_AGGRESSIVE;
				CLANG_WARN_UNREACHABLE_CODE = YES;
				CLANG_WARN__DUPLICATE_METHOD_MATCH = YES;
				CODE_SIGN_IDENTITY = "iPhone Developer";
				COPY_PHASE_STRIP = NO;
				DEBUG_INFORMATION_FORMAT = dwarf;
				ENABLE_STRICT_OBJC_MSGSEND = YES;
				ENABLE_TESTABILITY = YES;
				GCC_C_LANGUAGE_STANDARD = gnu11;
				GCC_DYNAMIC_NO_PIC = NO;
				GCC_NO_COMMON_BLOCKS = YES;
				GCC_OPTIMIZATION_LEVEL = 0;
				GCC_PREPROCESSOR_DEFINITIONS = (
					"DEBUG=1",
					"$(inherited)",
				);
				GCC_WARN_64_TO_32_BIT_CONVERSION = YES;
				GCC_WARN_ABOUT_RETURN_TYPE = YES_ERROR;
				GCC_WARN_UNDECLARED_SELECTOR = YES;
				GCC_WARN_UNINITIALIZED_AUTOS = YES_AGGRESSIVE;
				GCC_WARN_UNUSED_FUNCTION = YES;
				GCC_WARN_UNUSED_VARIABLE = YES;
				IPHONEOS_DEPLOYMENT_TARGET = 11.2;
				MTL_ENABLE_DEBUG_INFO = YES;
				ONLY_ACTIVE_ARCH = YES;
				SDKROOT = iphoneos;
				SWIFT_ACTIVE_COMPILATION_CONDITIONS = DEBUG;
				SWIFT_OPTIMIZATION_LEVEL = "-Onone";
			};
			name = Debug;
		};
		F5353E5F205BBA92009D511A /* Release */ = {
			isa = XCBuildConfiguration;
			buildSettings = {
				ALWAYS_SEARCH_USER_PATHS = NO;
				CLANG_ANALYZER_NONNULL = YES;
				CLANG_ANALYZER_NUMBER_OBJECT_CONVERSION = YES_AGGRESSIVE;
				CLANG_CXX_LANGUAGE_STANDARD = "gnu++14";
				CLANG_CXX_LIBRARY = "libc++";
				CLANG_ENABLE_MODULES = YES;
				CLANG_ENABLE_OBJC_ARC = YES;
				CLANG_WARN_BLOCK_CAPTURE_AUTORELEASING = YES;
				CLANG_WARN_BOOL_CONVERSION = YES;
				CLANG_WARN_COMMA = YES;
				CLANG_WARN_CONSTANT_CONVERSION = YES;
				CLANG_WARN_DIRECT_OBJC_ISA_USAGE = YES_ERROR;
				CLANG_WARN_DOCUMENTATION_COMMENTS = YES;
				CLANG_WARN_EMPTY_BODY = YES;
				CLANG_WARN_ENUM_CONVERSION = YES;
				CLANG_WARN_INFINITE_RECURSION = YES;
				CLANG_WARN_INT_CONVERSION = YES;
				CLANG_WARN_NON_LITERAL_NULL_CONVERSION = YES;
				CLANG_WARN_OBJC_LITERAL_CONVERSION = YES;
				CLANG_WARN_OBJC_ROOT_CLASS = YES_ERROR;
				CLANG_WARN_RANGE_LOOP_ANALYSIS = YES;
				CLANG_WARN_STRICT_PROTOTYPES = YES;
				CLANG_WARN_SUSPICIOUS_MOVE = YES;
				CLANG_WARN_UNGUARDED_AVAILABILITY = YES_AGGRESSIVE;
				CLANG_WARN_UNREACHABLE_CODE = YES;
				CLANG_WARN__DUPLICATE_METHOD_MATCH = YES;
				CODE_SIGN_IDENTITY = "iPhone Developer";
				COPY_PHASE_STRIP = NO;
				DEBUG_INFORMATION_FORMAT = "dwarf-with-dsym";
				ENABLE_NS_ASSERTIONS = NO;
				ENABLE_STRICT_OBJC_MSGSEND = YES;
				GCC_C_LANGUAGE_STANDARD = gnu11;
				GCC_NO_COMMON_BLOCKS = YES;
				GCC_WARN_64_TO_32_BIT_CONVERSION = YES;
				GCC_WARN_ABOUT_RETURN_TYPE = YES_ERROR;
				GCC_WARN_UNDECLARED_SELECTOR = YES;
				GCC_WARN_UNINITIALIZED_AUTOS = YES_AGGRESSIVE;
				GCC_WARN_UNUSED_FUNCTION = YES;
				GCC_WARN_UNUSED_VARIABLE = YES;
				IPHONEOS_DEPLOYMENT_TARGET = 11.2;
				MTL_ENABLE_DEBUG_INFO = NO;
				SDKROOT = iphoneos;
				SWIFT_OPTIMIZATION_LEVEL = "-Owholemodule";
				VALIDATE_PRODUCT = YES;
			};
			name = Release;
		};
		F5353E61205BBA92009D511A /* Debug */ = {
			isa = XCBuildConfiguration;
			buildSettings = {
				ASSETCATALOG_COMPILER_APPICON_NAME = AppIcon;
				CODE_SIGN_STYLE = Automatic;
				INFOPLIST_FILE = Pirates/Info.plist;
				LD_RUNPATH_SEARCH_PATHS = "$(inherited) @executable_path/Frameworks";
				PRODUCT_BUNDLE_IDENTIFIER = fhict.Pirates;
				PRODUCT_NAME = "$(TARGET_NAME)";
				SWIFT_VERSION = 4.0;
				TARGETED_DEVICE_FAMILY = "1,2";
			};
			name = Debug;
		};
		F5353E62205BBA92009D511A /* Release */ = {
			isa = XCBuildConfiguration;
			buildSettings = {
				ASSETCATALOG_COMPILER_APPICON_NAME = AppIcon;
				CODE_SIGN_STYLE = Automatic;
				INFOPLIST_FILE = Pirates/Info.plist;
				LD_RUNPATH_SEARCH_PATHS = "$(inherited) @executable_path/Frameworks";
				PRODUCT_BUNDLE_IDENTIFIER = fhict.Pirates;
				PRODUCT_NAME = "$(TARGET_NAME)";
				SWIFT_VERSION = 4.0;
				TARGETED_DEVICE_FAMILY = "1,2";
			};
			name = Release;
		};
/* End XCBuildConfiguration section */

/* Begin XCConfigurationList section */
		F5353E49205BBA92009D511A /* Build configuration list for PBXProject "Pirates" */ = {
			isa = XCConfigurationList;
			buildConfigurations = (
				F5353E5E205BBA92009D511A /* Debug */,
				F5353E5F205BBA92009D511A /* Release */,
			);
			defaultConfigurationIsVisible = 0;
			defaultConfigurationName = Release;
		};
		F5353E60205BBA92009D511A /* Build configuration list for PBXNativeTarget "Pirates" */ = {
			isa = XCConfigurationList;
			buildConfigurations = (
				F5353E61205BBA92009D511A /* Debug */,
				F5353E62205BBA92009D511A /* Release */,
			);
			defaultConfigurationIsVisible = 0;
			defaultConfigurationName = Release;
		};
/* End XCConfigurationList section */
	};
	rootObject = F5353E46205BBA92009D511A /* Project object */;
}
