// !$*UTF8*$!
{
	archiveVersion = 1;
	classes = {
	};
	objectVersion = 48;
	objects = {

/* Begin PBXBuildFile section */
		F5D6269F205BF1D800C7DABC /* AppDelegate.swift in Sources */ = {isa = PBXBuildFile; fileRef = F5D6269E205BF1D800C7DABC /* AppDelegate.swift */; };
		F5D626A1205BF1D800C7DABC /* ViewController.swift in Sources */ = {isa = PBXBuildFile; fileRef = F5D626A0205BF1D800C7DABC /* ViewController.swift */; };
		F5D626A4205BF1D800C7DABC /* Main.storyboard in Resources */ = {isa = PBXBuildFile; fileRef = F5D626A2205BF1D800C7DABC /* Main.storyboard */; };
		F5D626A6205BF1D800C7DABC /* Assets.xcassets in Resources */ = {isa = PBXBuildFile; fileRef = F5D626A5205BF1D800C7DABC /* Assets.xcassets */; };
		F5D626A9205BF1D800C7DABC /* LaunchScreen.storyboard in Resources */ = {isa = PBXBuildFile; fileRef = F5D626A7205BF1D800C7DABC /* LaunchScreen.storyboard */; };
		F5D626B2205BF84900C7DABC /* MapKit.framework in Frameworks */ = {isa = PBXBuildFile; fileRef = F5D626B1205BF84900C7DABC /* MapKit.framework */; };
/* End PBXBuildFile section */

/* Begin PBXFileReference section */
		F5D6269B205BF1D800C7DABC /* Zombies.app */ = {isa = PBXFileReference; explicitFileType = wrapper.application; includeInIndex = 0; path = Zombies.app; sourceTree = BUILT_PRODUCTS_DIR; };
		F5D6269E205BF1D800C7DABC /* AppDelegate.swift */ = {isa = PBXFileReference; lastKnownFileType = sourcecode.swift; path = AppDelegate.swift; sourceTree = "<group>"; };
		F5D626A0205BF1D800C7DABC /* ViewController.swift */ = {isa = PBXFileReference; lastKnownFileType = sourcecode.swift; path = ViewController.swift; sourceTree = "<group>"; };
		F5D626A3205BF1D800C7DABC /* Base */ = {isa = PBXFileReference; lastKnownFileType = file.storyboard; name = Base; path = Base.lproj/Main.storyboard; sourceTree = "<group>"; };
		F5D626A5205BF1D800C7DABC /* Assets.xcassets */ = {isa = PBXFileReference; lastKnownFileType = folder.assetcatalog; path = Assets.xcassets; sourceTree = "<group>"; };
		F5D626A8205BF1D800C7DABC /* Base */ = {isa = PBXFileReference; lastKnownFileType = file.storyboard; name = Base; path = Base.lproj/LaunchScreen.storyboard; sourceTree = "<group>"; };
		F5D626AA205BF1D800C7DABC /* Info.plist */ = {isa = PBXFileReference; lastKnownFileType = text.plist.xml; path = Info.plist; sourceTree = "<group>"; };
		F5D626B1205BF84900C7DABC /* MapKit.framework */ = {isa = PBXFileReference; lastKnownFileType = wrapper.framework; name = MapKit.framework; path = System/Library/Frameworks/MapKit.framework; sourceTree = SDKROOT; };
/* End PBXFileReference section */

/* Begin PBXFrameworksBuildPhase section */
		F5D62698205BF1D800C7DABC /* Frameworks */ = {
			isa = PBXFrameworksBuildPhase;
			buildActionMask = 2147483647;
			files = (
				F5D626B2205BF84900C7DABC /* MapKit.framework in Frameworks */,
			);
			runOnlyForDeploymentPostprocessing = 0;
		};
/* End PBXFrameworksBuildPhase section */

/* Begin PBXGroup section */
		F5D62692205BF1D800C7DABC = {
			isa = PBXGroup;
			children = (
				F5D6269D205BF1D800C7DABC /* Zombies */,
				F5D6269C205BF1D800C7DABC /* Products */,
				F5D626B0205BF84900C7DABC /* Frameworks */,
			);
			sourceTree = "<group>";
		};
		F5D6269C205BF1D800C7DABC /* Products */ = {
			isa = PBXGroup;
			children = (
				F5D6269B205BF1D800C7DABC /* Zombies.app */,
			);
			name = Products;
			sourceTree = "<group>";
		};
		F5D6269D205BF1D800C7DABC /* Zombies */ = {
			isa = PBXGroup;
			children = (
				F5D6269E205BF1D800C7DABC /* AppDelegate.swift */,
				F5D626A0205BF1D800C7DABC /* ViewController.swift */,
				F5D626A2205BF1D800C7DABC /* Main.storyboard */,
				F5D626A5205BF1D800C7DABC /* Assets.xcassets */,
				F5D626A7205BF1D800C7DABC /* LaunchScreen.storyboard */,
				F5D626AA205BF1D800C7DABC /* Info.plist */,
			);
			path = Zombies;
			sourceTree = "<group>";
		};
		F5D626B0205BF84900C7DABC /* Frameworks */ = {
			isa = PBXGroup;
			children = (
				F5D626B1205BF84900C7DABC /* MapKit.framework */,
			);
			name = Frameworks;
			sourceTree = "<group>";
		};
/* End PBXGroup section */

/* Begin PBXNativeTarget section */
		F5D6269A205BF1D800C7DABC /* Zombies */ = {
			isa = PBXNativeTarget;
			buildConfigurationList = F5D626AD205BF1D800C7DABC /* Build configuration list for PBXNativeTarget "Zombies" */;
			buildPhases = (
				F5D62697205BF1D800C7DABC /* Sources */,
				F5D62698205BF1D800C7DABC /* Frameworks */,
				F5D62699205BF1D800C7DABC /* Resources */,
			);
			buildRules = (
			);
			dependencies = (
			);
			name = Zombies;
			productName = Zombies;
			productReference = F5D6269B205BF1D800C7DABC /* Zombies.app */;
			productType = "com.apple.product-type.application";
		};
/* End PBXNativeTarget section */

/* Begin PBXProject section */
		F5D62693205BF1D800C7DABC /* Project object */ = {
			isa = PBXProject;
			attributes = {
				LastSwiftUpdateCheck = 0920;
				LastUpgradeCheck = 0920;
				ORGANIZATIONNAME = Fhict;
				TargetAttributes = {
					F5D6269A205BF1D800C7DABC = {
						CreatedOnToolsVersion = 9.2;
						ProvisioningStyle = Automatic;
						SystemCapabilities = {
							com.apple.Maps.iOS = {
								enabled = 1;
							};
						};
					};
				};
			};
			buildConfigurationList = F5D62696205BF1D800C7DABC /* Build configuration list for PBXProject "Zombies" */;
			compatibilityVersion = "Xcode 8.0";
			developmentRegion = en;
			hasScannedForEncodings = 0;
			knownRegions = (
				en,
				Base,
			);
			mainGroup = F5D62692205BF1D800C7DABC;
			productRefGroup = F5D6269C205BF1D800C7DABC /* Products */;
			projectDirPath = "";
			projectRoot = "";
			targets = (
				F5D6269A205BF1D800C7DABC /* Zombies */,
			);
		};
/* End PBXProject section */

/* Begin PBXResourcesBuildPhase section */
		F5D62699205BF1D800C7DABC /* Resources */ = {
			isa = PBXResourcesBuildPhase;
			buildActionMask = 2147483647;
			files = (
				F5D626A9205BF1D800C7DABC /* LaunchScreen.storyboard in Resources */,
				F5D626A6205BF1D800C7DABC /* Assets.xcassets in Resources */,
				F5D626A4205BF1D800C7DABC /* Main.storyboard in Resources */,
			);
			runOnlyForDeploymentPostprocessing = 0;
		};
/* End PBXResourcesBuildPhase section */

/* Begin PBXSourcesBuildPhase section */
		F5D62697205BF1D800C7DABC /* Sources */ = {
			isa = PBXSourcesBuildPhase;
			buildActionMask = 2147483647;
			files = (
				F5D626A1205BF1D800C7DABC /* ViewController.swift in Sources */,
				F5D6269F205BF1D800C7DABC /* AppDelegate.swift in Sources */,
			);
			runOnlyForDeploymentPostprocessing = 0;
		};
/* End PBXSourcesBuildPhase section */

/* Begin PBXVariantGroup section */
		F5D626A2205BF1D800C7DABC /* Main.storyboard */ = {
			isa = PBXVariantGroup;
			children = (
				F5D626A3205BF1D800C7DABC /* Base */,
			);
			name = Main.storyboard;
			sourceTree = "<group>";
		};
		F5D626A7205BF1D800C7DABC /* LaunchScreen.storyboard */ = {
			isa = PBXVariantGroup;
			children = (
				F5D626A8205BF1D800C7DABC /* Base */,
			);
			name = LaunchScreen.storyboard;
			sourceTree = "<group>";
		};
/* End PBXVariantGroup section */

/* Begin XCBuildConfiguration section */
		F5D626AB205BF1D800C7DABC /* Debug */ = {
			isa = XCBuildConfiguration;
			buildSettings = {
				ALWAYS_SEARCH_USER_PATHS = NO;
				CLANG_ANALYZER_NONNULL = YES;
				CLANG_ANALYZER_NUMBER_OBJECT_CONVERSION = YES_AGGRESSIVE;
				CLANG_CXX_LANGUAGE_STANDARD = "gnu++14";
				CLANG_CXX_LIBRARY = "libc++";
				CLANG_ENABLE_MODULES = YES;
				CLANG_ENABLE_OBJC_ARC = YES;
				CLANG_WARN_BLOCK_CAPTURE_AUTORELEASING = YES;
				CLANG_WARN_BOOL_CONVERSION = YES;
				CLANG_WARN_COMMA = YES;
				CLANG_WARN_CONSTANT_CONVERSION = YES;
				CLANG_WARN_DIRECT_OBJC_ISA_USAGE = YES_ERROR;
				CLANG_WARN_DOCUMENTATION_COMMENTS = YES;
				CLANG_WARN_EMPTY_BODY = YES;
				CLANG_WARN_ENUM_CONVERSION = YES;
				CLANG_WARN_INFINITE_RECURSION = YES;
				CLANG_WARN_INT_CONVERSION = YES;
				CLANG_WARN_NON_LITERAL_NULL_CONVERSION = YES;
				CLANG_WARN_OBJC_LITERAL_CONVERSION = YES;
				CLANG_WARN_OBJC_ROOT_CLASS = YES_ERROR;
				CLANG_WARN_RANGE_LOOP_ANALYSIS = YES;
				CLANG_WARN_STRICT_PROTOTYPES = YES;
				CLANG_WARN_SUSPICIOUS_MOVE = YES;
				CLANG_WARN_UNGUARDED_AVAILABILITY = YES_AGGRESSIVE;
				CLANG_WARN_UNREACHABLE_CODE = YES;
				CLANG_WARN__DUPLICATE_METHOD_MATCH = YES;
				CODE_SIGN_IDENTITY = "iPhone Developer";
				COPY_PHASE_STRIP = NO;
				DEBUG_INFORMATION_FORMAT = dwarf;
				ENABLE_STRICT_OBJC_MSGSEND = YES;
				ENABLE_TESTABILITY = YES;
				GCC_C_LANGUAGE_STANDARD = gnu11;
				GCC_DYNAMIC_NO_PIC = NO;
				GCC_NO_COMMON_BLOCKS = YES;
				GCC_OPTIMIZATION_LEVEL = 0;
				GCC_PREPROCESSOR_DEFINITIONS = (
					"DEBUG=1",
					"$(inherited)",
				);
				GCC_WARN_64_TO_32_BIT_CONVERSION = YES;
				GCC_WARN_ABOUT_RETURN_TYPE = YES_ERROR;
				GCC_WARN_UNDECLARED_SELECTOR = YES;
				GCC_WARN_UNINITIALIZED_AUTOS = YES_AGGRESSIVE;
				GCC_WARN_UNUSED_FUNCTION = YES;
				GCC_WARN_UNUSED_VARIABLE = YES;
				IPHONEOS_DEPLOYMENT_TARGET = 11.2;
				MTL_ENABLE_DEBUG_INFO = YES;
				ONLY_ACTIVE_ARCH = YES;
				SDKROOT = iphoneos;
				SWIFT_ACTIVE_COMPILATION_CONDITIONS = DEBUG;
				SWIFT_OPTIMIZATION_LEVEL = "-Onone";
			};
			name = Debug;
		};
		F5D626AC205BF1D800C7DABC /* Release */ = {
			isa = XCBuildConfiguration;
			buildSettings = {
				ALWAYS_SEARCH_USER_PATHS = NO;
				CLANG_ANALYZER_NONNULL = YES;
				CLANG_ANALYZER_NUMBER_OBJECT_CONVERSION = YES_AGGRESSIVE;
				CLANG_CXX_LANGUAGE_STANDARD = "gnu++14";
				CLANG_CXX_LIBRARY = "libc++";
				CLANG_ENABLE_MODULES = YES;
				CLANG_ENABLE_OBJC_ARC = YES;
				CLANG_WARN_BLOCK_CAPTURE_AUTORELEASING = YES;
				CLANG_WARN_BOOL_CONVERSION = YES;
				CLANG_WARN_COMMA = YES;
				CLANG_WARN_CONSTANT_CONVERSION = YES;
				CLANG_WARN_DIRECT_OBJC_ISA_USAGE = YES_ERROR;
				CLANG_WARN_DOCUMENTATION_COMMENTS = YES;
				CLANG_WARN_EMPTY_BODY = YES;
				CLANG_WARN_ENUM_CONVERSION = YES;
				CLANG_WARN_INFINITE_RECURSION = YES;
				CLANG_WARN_INT_CONVERSION = YES;
				CLANG_WARN_NON_LITERAL_NULL_CONVERSION = YES;
				CLANG_WARN_OBJC_LITERAL_CONVERSION = YES;
				CLANG_WARN_OBJC_ROOT_CLASS = YES_ERROR;
				CLANG_WARN_RANGE_LOOP_ANALYSIS = YES;
				CLANG_WARN_STRICT_PROTOTYPES = YES;
				CLANG_WARN_SUSPICIOUS_MOVE = YES;
				CLANG_WARN_UNGUARDED_AVAILABILITY = YES_AGGRESSIVE;
				CLANG_WARN_UNREACHABLE_CODE = YES;
				CLANG_WARN__DUPLICATE_METHOD_MATCH = YES;
				CODE_SIGN_IDENTITY = "iPhone Developer";
				COPY_PHASE_STRIP = NO;
				DEBUG_INFORMATION_FORMAT = "dwarf-with-dsym";
				ENABLE_NS_ASSERTIONS = NO;
				ENABLE_STRICT_OBJC_MSGSEND = YES;
				GCC_C_LANGUAGE_STANDARD = gnu11;
				GCC_NO_COMMON_BLOCKS = YES;
				GCC_WARN_64_TO_32_BIT_CONVERSION = YES;
				GCC_WARN_ABOUT_RETURN_TYPE = YES_ERROR;
				GCC_WARN_UNDECLARED_SELECTOR = YES;
				GCC_WARN_UNINITIALIZED_AUTOS = YES_AGGRESSIVE;
				GCC_WARN_UNUSED_FUNCTION = YES;
				GCC_WARN_UNUSED_VARIABLE = YES;
				IPHONEOS_DEPLOYMENT_TARGET = 11.2;
				MTL_ENABLE_DEBUG_INFO = NO;
				SDKROOT = iphoneos;
				SWIFT_OPTIMIZATION_LEVEL = "-Owholemodule";
				VALIDATE_PRODUCT = YES;
			};
			name = Release;
		};
		F5D626AE205BF1D800C7DABC /* Debug */ = {
			isa = XCBuildConfiguration;
			buildSettings = {
				ASSETCATALOG_COMPILER_APPICON_NAME = AppIcon;
				CODE_SIGN_STYLE = Automatic;
				INFOPLIST_FILE = Zombies/Info.plist;
				LD_RUNPATH_SEARCH_PATHS = "$(inherited) @executable_path/Frameworks";
				PRODUCT_BUNDLE_IDENTIFIER = fhict.Zombies;
				PRODUCT_NAME = "$(TARGET_NAME)";
				SWIFT_VERSION = 4.0;
				TARGETED_DEVICE_FAMILY = "1,2";
			};
			name = Debug;
		};
		F5D626AF205BF1D800C7DABC /* Release */ = {
			isa = XCBuildConfiguration;
			buildSettings = {
				ASSETCATALOG_COMPILER_APPICON_NAME = AppIcon;
				CODE_SIGN_STYLE = Automatic;
				INFOPLIST_FILE = Zombies/Info.plist;
				LD_RUNPATH_SEARCH_PATHS = "$(inherited) @executable_path/Frameworks";
				PRODUCT_BUNDLE_IDENTIFIER = fhict.Zombies;
				PRODUCT_NAME = "$(TARGET_NAME)";
				SWIFT_VERSION = 4.0;
				TARGETED_DEVICE_FAMILY = "1,2";
			};
			name = Release;
		};
/* End XCBuildConfiguration section */

/* Begin XCConfigurationList section */
		F5D62696205BF1D800C7DABC /* Build configuration list for PBXProject "Zombies" */ = {
			isa = XCConfigurationList;
			buildConfigurations = (
				F5D626AB205BF1D800C7DABC /* Debug */,
				F5D626AC205BF1D800C7DABC /* Release */,
			);
			defaultConfigurationIsVisible = 0;
			defaultConfigurationName = Release;
		};
		F5D626AD205BF1D800C7DABC /* Build configuration list for PBXNativeTarget "Zombies" */ = {
			isa = XCConfigurationList;
			buildConfigurations = (
				F5D626AE205BF1D800C7DABC /* Debug */,
				F5D626AF205BF1D800C7DABC /* Release */,
			);
			defaultConfigurationIsVisible = 0;
			defaultConfigurationName = Release;
		};
/* End XCConfigurationList section */
	};
	rootObject = F5D62693205BF1D800C7DABC /* Project object */;
}
